
Microsoft Visual Studio Solution File, Format Version 12.00
# Visual Studio 15
VisualStudioVersion = 15.0.28307.757
MinimumVisualStudioVersion = 10.0.40219.1
Project("{FAE04EC0-301F-11D3-BF4B-00C04F79EFBC}") = "StaticTester", "StaticTester\StaticTester.csproj", "{96996091-AA82-4631-B837-63F69F34AE8B}"
EndProject
Global
	GlobalSection(SolutionConfigurationPlatforms) = preSolution
		Debug|Any CPU = Debug|Any CPU
		Release|Any CPU = Release|Any CPU
	EndGlobalSection
	GlobalSection(ProjectConfigurationPlatforms) = postSolution
		{96996091-AA82-4631-B837-63F69F34AE8B}.Debug|Any CPU.ActiveCfg = Debug|Any CPU
		{96996091-AA82-4631-B837-63F69F34AE8B}.Debug|Any CPU.Build.0 = Debug|Any CPU
		{96996091-AA82-4631-B837-63F69F34AE8B}.Release|Any CPU.ActiveCfg = Release|Any CPU
		{96996091-AA82-4631-B837-63F69F34AE8B}.Release|Any CPU.Build.0 = Release|Any CPU
	EndGlobalSection
	GlobalSection(SolutionProperties) = preSolution
		HideSolutionNode = FALSE
	EndGlobalSection
	GlobalSection(ExtensibilityGlobals) = postSolution
		SolutionGuid = {AFC5D002-AA2D-4BDA-AF29-8231278D9293}
	EndGlobalSection
EndGlobal
